
Microsoft Visual Studio Solution File, Format Version 12.00
# Visual Studio Version 17
VisualStudioVersion = 17.4.33122.133
MinimumVisualStudioVersion = 10.0.40219.1
Project("{9A19103F-16F7-4668-BE54-9A1E7A4F7556}") = "PismoWebInput", "PismoWebInput\PismoWebInput.csproj", "{A929EEC0-632B-4D8B-BB77-6F597FB0BC56}"
EndProject
Project("{9A19103F-16F7-4668-BE54-9A1E7A4F7556}") = "PismoWebInput.Core", "PismoWebInput.Core\PismoWebInput.Core.csproj", "{FF7BD0CE-D073-4B58-AE82-F1FEDF3C09B4}"
EndProject
Global
	GlobalSection(SolutionConfigurationPlatforms) = preSolution
		Debug|Any CPU = Debug|Any CPU
		Release|Any CPU = Release|Any CPU
	EndGlobalSection
	GlobalSection(ProjectConfigurationPlatforms) = postSolution
		{A929EEC0-632B-4D8B-BB77-6F597FB0BC56}.Debug|Any CPU.ActiveCfg = Debug|Any CPU
		{A929EEC0-632B-4D8B-BB77-6F597FB0BC56}.Debug|Any CPU.Build.0 = Debug|Any CPU
		{A929EEC0-632B-4D8B-BB77-6F597FB0BC56}.Release|Any CPU.ActiveCfg = Release|Any CPU
		{A929EEC0-632B-4D8B-BB77-6F597FB0BC56}.Release|Any CPU.Build.0 = Release|Any CPU
		{FF7BD0CE-D073-4B58-AE82-F1FEDF3C09B4}.Debug|Any CPU.ActiveCfg = Debug|Any CPU
		{FF7BD0CE-D073-4B58-AE82-F1FEDF3C09B4}.Debug|Any CPU.Build.0 = Debug|Any CPU
		{FF7BD0CE-D073-4B58-AE82-F1FEDF3C09B4}.Release|Any CPU.ActiveCfg = Release|Any CPU
		{FF7BD0CE-D073-4B58-AE82-F1FEDF3C09B4}.Release|Any CPU.Build.0 = Release|Any CPU
	EndGlobalSection
	GlobalSection(SolutionProperties) = preSolution
		HideSolutionNode = FALSE
	EndGlobalSection
	GlobalSection(ExtensibilityGlobals) = postSolution
		SolutionGuid = {B5848680-AEC3-486A-8408-6CC2878A4E04}
	EndGlobalSection
EndGlobal
